{
  "requires": true,
  "lockfileVersion": 1,
  "dependencies": {
    "norwiz-frame-print": {
      "version": "1.0.0",
      "resolved": "https://registry.npmjs.org/norwiz-frame-print/-/norwiz-frame-print-1.0.0.tgz",
      "integrity": "sha512-OLfdMt4uUufROJmzzxPtTFIigfLRK+zZnTVibPbaYUzTI24u9UeKZTRJf5jUad7Bpace5rP1fDTZGF7Yx7Drig=="
    }
  }
}
